
Microsoft Visual Studio Solution File, Format Version 12.00
# Visual Studio Version 16
VisualStudioVersion = 16.0.31624.102
MinimumVisualStudioVersion = 10.0.40219.1
Project("{9A19103F-16F7-4668-BE54-9A1E7A4F7556}") = "DesignPatternsCourseIntro", "DesignPatternsCourse\DesignPatternsCourseIntro.csproj", "{779ADF65-2AC5-4E80-8BB7-BA5F6A8473DC}"
EndProject
Project("{9A19103F-16F7-4668-BE54-9A1E7A4F7556}") = "A.FactoryMethod", "FactoryMethod\A.FactoryMethod.csproj", "{A2A8B0C3-1A9E-4D99-96A3-33CC6803B9E1}"
EndProject
Project("{9A19103F-16F7-4668-BE54-9A1E7A4F7556}") = "B.AbstractFactory", "AbstractFactory\B.AbstractFactory.csproj", "{D82A6A74-7EE1-4378-BFD8-CC549C2E718C}"
EndProject
Project("{2150E333-8FDC-42A3-9474-1A3956D46DE8}") = "A.GenerativePatterns", "A.GenerativePatterns", "{B671C58B-C4AE-4475-BB0C-829BDBCC644A}"
EndProject
Project("{9A19103F-16F7-4668-BE54-9A1E7A4F7556}") = "C.Singleton", "Singleton\C.Singleton.csproj", "{233ED642-4469-4DE5-A854-E8AB9A980BD5}"
EndProject
Project("{9A19103F-16F7-4668-BE54-9A1E7A4F7556}") = "D.Prototype", "D.Prototype\D.Prototype.csproj", "{AFB7BDE4-0AE8-4354-822A-6A66BC8856BC}"
EndProject
Project("{9A19103F-16F7-4668-BE54-9A1E7A4F7556}") = "E.Builder", "E.Builder\E.Builder.csproj", "{7BA573F8-235E-4CD5-943B-16D02DFF8FD3}"
EndProject
Project("{2150E333-8FDC-42A3-9474-1A3956D46DE8}") = "B.BehaviorPatterns", "B.BehaviorPatterns", "{5609B041-5C4A-44C9-823B-8A472704E441}"
EndProject
Project("{9A19103F-16F7-4668-BE54-9A1E7A4F7556}") = "A.Strategy", "A.Strategy\A.Strategy.csproj", "{66A47A47-936B-416C-9B8C-AC503B937571}"
EndProject
Project("{9A19103F-16F7-4668-BE54-9A1E7A4F7556}") = "B.Oserver", "B.Oserver\B.Oserver.csproj", "{D9C3CAC5-D402-4FBF-975A-42BEEB182A31}"
EndProject
Project("{9A19103F-16F7-4668-BE54-9A1E7A4F7556}") = "C.Command", "ConsoleApp1\C.Command.csproj", "{D15CA5FC-93FA-4CE5-9935-CF192A1795F9}"
EndProject
Project("{9A19103F-16F7-4668-BE54-9A1E7A4F7556}") = "D.TemplateMethod", "D.TemplateMethod\D.TemplateMethod.csproj", "{5F92623D-9EDD-4806-A714-3169ED721FEE}"
EndProject
Project("{9A19103F-16F7-4668-BE54-9A1E7A4F7556}") = "E.Iterator", "E.Iterator\E.Iterator.csproj", "{092ACDC2-F74D-4415-B123-17B411110B4E}"
EndProject
Project("{9A19103F-16F7-4668-BE54-9A1E7A4F7556}") = "F.State", "F.State\F.State.csproj", "{F01E1BED-87B4-44A8-BEB2-3408F44DD56D}"
EndProject
Project("{9A19103F-16F7-4668-BE54-9A1E7A4F7556}") = "G.ChainOfResponsibility", "G.ChainOfResponsibility\G.ChainOfResponsibility.csproj", "{BC20323D-EB65-43B0-B568-4F45096A2E9D}"
EndProject
Project("{FAE04EC0-301F-11D3-BF4B-00C04F79EFBC}") = "H.Interpreter", "H.Interpreter\H.Interpreter.csproj", "{C3D59476-9055-46A0-8BDD-BFB0C8A71F32}"
EndProject
Global
	GlobalSection(SolutionConfigurationPlatforms) = preSolution
		Debug|Any CPU = Debug|Any CPU
		Release|Any CPU = Release|Any CPU
	EndGlobalSection
	GlobalSection(ProjectConfigurationPlatforms) = postSolution
		{779ADF65-2AC5-4E80-8BB7-BA5F6A8473DC}.Debug|Any CPU.ActiveCfg = Debug|Any CPU
		{779ADF65-2AC5-4E80-8BB7-BA5F6A8473DC}.Debug|Any CPU.Build.0 = Debug|Any CPU
		{779ADF65-2AC5-4E80-8BB7-BA5F6A8473DC}.Release|Any CPU.ActiveCfg = Release|Any CPU
		{779ADF65-2AC5-4E80-8BB7-BA5F6A8473DC}.Release|Any CPU.Build.0 = Release|Any CPU
		{A2A8B0C3-1A9E-4D99-96A3-33CC6803B9E1}.Debug|Any CPU.ActiveCfg = Debug|Any CPU
		{A2A8B0C3-1A9E-4D99-96A3-33CC6803B9E1}.Debug|Any CPU.Build.0 = Debug|Any CPU
		{A2A8B0C3-1A9E-4D99-96A3-33CC6803B9E1}.Release|Any CPU.ActiveCfg = Release|Any CPU
		{A2A8B0C3-1A9E-4D99-96A3-33CC6803B9E1}.Release|Any CPU.Build.0 = Release|Any CPU
		{D82A6A74-7EE1-4378-BFD8-CC549C2E718C}.Debug|Any CPU.ActiveCfg = Debug|Any CPU
		{D82A6A74-7EE1-4378-BFD8-CC549C2E718C}.Debug|Any CPU.Build.0 = Debug|Any CPU
		{D82A6A74-7EE1-4378-BFD8-CC549C2E718C}.Release|Any CPU.ActiveCfg = Release|Any CPU
		{D82A6A74-7EE1-4378-BFD8-CC549C2E718C}.Release|Any CPU.Build.0 = Release|Any CPU
		{233ED642-4469-4DE5-A854-E8AB9A980BD5}.Debug|Any CPU.ActiveCfg = Debug|Any CPU
		{233ED642-4469-4DE5-A854-E8AB9A980BD5}.Debug|Any CPU.Build.0 = Debug|Any CPU
		{233ED642-4469-4DE5-A854-E8AB9A980BD5}.Release|Any CPU.ActiveCfg = Release|Any CPU
		{233ED642-4469-4DE5-A854-E8AB9A980BD5}.Release|Any CPU.Build.0 = Release|Any CPU
		{AFB7BDE4-0AE8-4354-822A-6A66BC8856BC}.Debug|Any CPU.ActiveCfg = Debug|Any CPU
		{AFB7BDE4-0AE8-4354-822A-6A66BC8856BC}.Debug|Any CPU.Build.0 = Debug|Any CPU
		{AFB7BDE4-0AE8-4354-822A-6A66BC8856BC}.Release|Any CPU.ActiveCfg = Release|Any CPU
		{AFB7BDE4-0AE8-4354-822A-6A66BC8856BC}.Release|Any CPU.Build.0 = Release|Any CPU
		{7BA573F8-235E-4CD5-943B-16D02DFF8FD3}.Debug|Any CPU.ActiveCfg = Debug|Any CPU
		{7BA573F8-235E-4CD5-943B-16D02DFF8FD3}.Debug|Any CPU.Build.0 = Debug|Any CPU
		{7BA573F8-235E-4CD5-943B-16D02DFF8FD3}.Release|Any CPU.ActiveCfg = Release|Any CPU
		{7BA573F8-235E-4CD5-943B-16D02DFF8FD3}.Release|Any CPU.Build.0 = Release|Any CPU
		{66A47A47-936B-416C-9B8C-AC503B937571}.Debug|Any CPU.ActiveCfg = Debug|Any CPU
		{66A47A47-936B-416C-9B8C-AC503B937571}.Debug|Any CPU.Build.0 = Debug|Any CPU
		{66A47A47-936B-416C-9B8C-AC503B937571}.Release|Any CPU.ActiveCfg = Release|Any CPU
		{66A47A47-936B-416C-9B8C-AC503B937571}.Release|Any CPU.Build.0 = Release|Any CPU
		{D9C3CAC5-D402-4FBF-975A-42BEEB182A31}.Debug|Any CPU.ActiveCfg = Debug|Any CPU
		{D9C3CAC5-D402-4FBF-975A-42BEEB182A31}.Debug|Any CPU.Build.0 = Debug|Any CPU
		{D9C3CAC5-D402-4FBF-975A-42BEEB182A31}.Release|Any CPU.ActiveCfg = Release|Any CPU
		{D9C3CAC5-D402-4FBF-975A-42BEEB182A31}.Release|Any CPU.Build.0 = Release|Any CPU
		{D15CA5FC-93FA-4CE5-9935-CF192A1795F9}.Debug|Any CPU.ActiveCfg = Debug|Any CPU
		{D15CA5FC-93FA-4CE5-9935-CF192A1795F9}.Debug|Any CPU.Build.0 = Debug|Any CPU
		{D15CA5FC-93FA-4CE5-9935-CF192A1795F9}.Release|Any CPU.ActiveCfg = Release|Any CPU
		{D15CA5FC-93FA-4CE5-9935-CF192A1795F9}.Release|Any CPU.Build.0 = Release|Any CPU
		{5F92623D-9EDD-4806-A714-3169ED721FEE}.Debug|Any CPU.ActiveCfg = Debug|Any CPU
		{5F92623D-9EDD-4806-A714-3169ED721FEE}.Debug|Any CPU.Build.0 = Debug|Any CPU
		{5F92623D-9EDD-4806-A714-3169ED721FEE}.Release|Any CPU.ActiveCfg = Release|Any CPU
		{5F92623D-9EDD-4806-A714-3169ED721FEE}.Release|Any CPU.Build.0 = Release|Any CPU
		{092ACDC2-F74D-4415-B123-17B411110B4E}.Debug|Any CPU.ActiveCfg = Debug|Any CPU
		{092ACDC2-F74D-4415-B123-17B411110B4E}.Debug|Any CPU.Build.0 = Debug|Any CPU
		{092ACDC2-F74D-4415-B123-17B411110B4E}.Release|Any CPU.ActiveCfg = Release|Any CPU
		{092ACDC2-F74D-4415-B123-17B411110B4E}.Release|Any CPU.Build.0 = Release|Any CPU
		{F01E1BED-87B4-44A8-BEB2-3408F44DD56D}.Debug|Any CPU.ActiveCfg = Debug|Any CPU
		{F01E1BED-87B4-44A8-BEB2-3408F44DD56D}.Debug|Any CPU.Build.0 = Debug|Any CPU
		{F01E1BED-87B4-44A8-BEB2-3408F44DD56D}.Release|Any CPU.ActiveCfg = Release|Any CPU
		{F01E1BED-87B4-44A8-BEB2-3408F44DD56D}.Release|Any CPU.Build.0 = Release|Any CPU
		{BC20323D-EB65-43B0-B568-4F45096A2E9D}.Debug|Any CPU.ActiveCfg = Debug|Any CPU
		{BC20323D-EB65-43B0-B568-4F45096A2E9D}.Debug|Any CPU.Build.0 = Debug|Any CPU
		{BC20323D-EB65-43B0-B568-4F45096A2E9D}.Release|Any CPU.ActiveCfg = Release|Any CPU
		{BC20323D-EB65-43B0-B568-4F45096A2E9D}.Release|Any CPU.Build.0 = Release|Any CPU
		{C3D59476-9055-46A0-8BDD-BFB0C8A71F32}.Debug|Any CPU.ActiveCfg = Debug|Any CPU
		{C3D59476-9055-46A0-8BDD-BFB0C8A71F32}.Debug|Any CPU.Build.0 = Debug|Any CPU
		{C3D59476-9055-46A0-8BDD-BFB0C8A71F32}.Release|Any CPU.ActiveCfg = Release|Any CPU
		{C3D59476-9055-46A0-8BDD-BFB0C8A71F32}.Release|Any CPU.Build.0 = Release|Any CPU
	EndGlobalSection
	GlobalSection(SolutionProperties) = preSolution
		HideSolutionNode = FALSE
	EndGlobalSection
	GlobalSection(NestedProjects) = preSolution
		{A2A8B0C3-1A9E-4D99-96A3-33CC6803B9E1} = {B671C58B-C4AE-4475-BB0C-829BDBCC644A}
		{D82A6A74-7EE1-4378-BFD8-CC549C2E718C} = {B671C58B-C4AE-4475-BB0C-829BDBCC644A}
		{233ED642-4469-4DE5-A854-E8AB9A980BD5} = {B671C58B-C4AE-4475-BB0C-829BDBCC644A}
		{AFB7BDE4-0AE8-4354-822A-6A66BC8856BC} = {B671C58B-C4AE-4475-BB0C-829BDBCC644A}
		{7BA573F8-235E-4CD5-943B-16D02DFF8FD3} = {B671C58B-C4AE-4475-BB0C-829BDBCC644A}
		{66A47A47-936B-416C-9B8C-AC503B937571} = {5609B041-5C4A-44C9-823B-8A472704E441}
		{D9C3CAC5-D402-4FBF-975A-42BEEB182A31} = {5609B041-5C4A-44C9-823B-8A472704E441}
		{D15CA5FC-93FA-4CE5-9935-CF192A1795F9} = {5609B041-5C4A-44C9-823B-8A472704E441}
		{5F92623D-9EDD-4806-A714-3169ED721FEE} = {5609B041-5C4A-44C9-823B-8A472704E441}
		{092ACDC2-F74D-4415-B123-17B411110B4E} = {5609B041-5C4A-44C9-823B-8A472704E441}
		{F01E1BED-87B4-44A8-BEB2-3408F44DD56D} = {5609B041-5C4A-44C9-823B-8A472704E441}
		{BC20323D-EB65-43B0-B568-4F45096A2E9D} = {5609B041-5C4A-44C9-823B-8A472704E441}
		{C3D59476-9055-46A0-8BDD-BFB0C8A71F32} = {5609B041-5C4A-44C9-823B-8A472704E441}
	EndGlobalSection
	GlobalSection(ExtensibilityGlobals) = postSolution
		SolutionGuid = {4BCE5830-0406-451A-BAAE-0D500BA0B0ED}
	EndGlobalSection
EndGlobal
