
Microsoft Visual Studio Solution File, Format Version 12.00
# Visual Studio Version 16
VisualStudioVersion = 16.0.31624.102
MinimumVisualStudioVersion = 10.0.40219.1
Project("{FAE04EC0-301F-11D3-BF4B-00C04F79EFBC}") = "DesignPatternsCourse", "DesignPatternsCourse\DesignPatternsCourse.csproj", "{779ADF65-2AC5-4E80-8BB7-BA5F6A8473DC}"
EndProject
Project("{FAE04EC0-301F-11D3-BF4B-00C04F79EFBC}") = "FactoryMethod", "FactoryMethod\FactoryMethod.csproj", "{A2A8B0C3-1A9E-4D99-96A3-33CC6803B9E1}"
EndProject
Global
	GlobalSection(SolutionConfigurationPlatforms) = preSolution
		Debug|Any CPU = Debug|Any CPU
		Release|Any CPU = Release|Any CPU
	EndGlobalSection
	GlobalSection(ProjectConfigurationPlatforms) = postSolution
		{779ADF65-2AC5-4E80-8BB7-BA5F6A8473DC}.Debug|Any CPU.ActiveCfg = Debug|Any CPU
		{779ADF65-2AC5-4E80-8BB7-BA5F6A8473DC}.Debug|Any CPU.Build.0 = Debug|Any CPU
		{779ADF65-2AC5-4E80-8BB7-BA5F6A8473DC}.Release|Any CPU.ActiveCfg = Release|Any CPU
		{779ADF65-2AC5-4E80-8BB7-BA5F6A8473DC}.Release|Any CPU.Build.0 = Release|Any CPU
		{A2A8B0C3-1A9E-4D99-96A3-33CC6803B9E1}.Debug|Any CPU.ActiveCfg = Debug|Any CPU
		{A2A8B0C3-1A9E-4D99-96A3-33CC6803B9E1}.Debug|Any CPU.Build.0 = Debug|Any CPU
		{A2A8B0C3-1A9E-4D99-96A3-33CC6803B9E1}.Release|Any CPU.ActiveCfg = Release|Any CPU
		{A2A8B0C3-1A9E-4D99-96A3-33CC6803B9E1}.Release|Any CPU.Build.0 = Release|Any CPU
	EndGlobalSection
	GlobalSection(SolutionProperties) = preSolution
		HideSolutionNode = FALSE
	EndGlobalSection
	GlobalSection(ExtensibilityGlobals) = postSolution
		SolutionGuid = {4BCE5830-0406-451A-BAAE-0D500BA0B0ED}
	EndGlobalSection
EndGlobal
